
Microsoft Visual Studio Solution File, Format Version 12.00
# Visual Studio Version 16
VisualStudioVersion = 16.0.29519.87
MinimumVisualStudioVersion = 10.0.40219.1
Project("{9A19103F-16F7-4668-BE54-9A1E7A4F7556}") = "MeasurementWebApplication(Final Project)", "MeasurementWebApplication(Final Project).csproj", "{49C22A0B-CFD9-42FC-96F6-E95381F22107}"
EndProject
Project("{9A19103F-16F7-4668-BE54-9A1E7A4F7556}") = "WeatherLibrary", "..\..\WeatherLibrary\WeatherLibrary.csproj", "{437E2BAC-5C90-4901-8582-B2A4AA7C56E7}"
EndProject
Project("{9A19103F-16F7-4668-BE54-9A1E7A4F7556}") = "MeasurementConsumer", "..\..\MeasurementConsumer\MeasurementConsumer.csproj", "{BFAB7872-D4C5-4BC6-9392-0C4E8E798891}"
EndProject
Project("{FAE04EC0-301F-11D3-BF4B-00C04F79EFBC}") = "MeasurementTest", "..\MeasurementTest\MeasurementTest.csproj", "{70F84C55-57C5-42CA-AD0C-11697FD87FAD}"
EndProject
Global
	GlobalSection(SolutionConfigurationPlatforms) = preSolution
		Debug|Any CPU = Debug|Any CPU
		Release|Any CPU = Release|Any CPU
	EndGlobalSection
	GlobalSection(ProjectConfigurationPlatforms) = postSolution
		{49C22A0B-CFD9-42FC-96F6-E95381F22107}.Debug|Any CPU.ActiveCfg = Debug|Any CPU
		{49C22A0B-CFD9-42FC-96F6-E95381F22107}.Debug|Any CPU.Build.0 = Debug|Any CPU
		{49C22A0B-CFD9-42FC-96F6-E95381F22107}.Release|Any CPU.ActiveCfg = Release|Any CPU
		{49C22A0B-CFD9-42FC-96F6-E95381F22107}.Release|Any CPU.Build.0 = Release|Any CPU
		{437E2BAC-5C90-4901-8582-B2A4AA7C56E7}.Debug|Any CPU.ActiveCfg = Debug|Any CPU
		{437E2BAC-5C90-4901-8582-B2A4AA7C56E7}.Debug|Any CPU.Build.0 = Debug|Any CPU
		{437E2BAC-5C90-4901-8582-B2A4AA7C56E7}.Release|Any CPU.ActiveCfg = Release|Any CPU
		{437E2BAC-5C90-4901-8582-B2A4AA7C56E7}.Release|Any CPU.Build.0 = Release|Any CPU
		{BFAB7872-D4C5-4BC6-9392-0C4E8E798891}.Debug|Any CPU.ActiveCfg = Debug|Any CPU
		{BFAB7872-D4C5-4BC6-9392-0C4E8E798891}.Debug|Any CPU.Build.0 = Debug|Any CPU
		{BFAB7872-D4C5-4BC6-9392-0C4E8E798891}.Release|Any CPU.ActiveCfg = Release|Any CPU
		{BFAB7872-D4C5-4BC6-9392-0C4E8E798891}.Release|Any CPU.Build.0 = Release|Any CPU
		{70F84C55-57C5-42CA-AD0C-11697FD87FAD}.Debug|Any CPU.ActiveCfg = Debug|Any CPU
		{70F84C55-57C5-42CA-AD0C-11697FD87FAD}.Debug|Any CPU.Build.0 = Debug|Any CPU
		{70F84C55-57C5-42CA-AD0C-11697FD87FAD}.Release|Any CPU.ActiveCfg = Release|Any CPU
		{70F84C55-57C5-42CA-AD0C-11697FD87FAD}.Release|Any CPU.Build.0 = Release|Any CPU
	EndGlobalSection
	GlobalSection(SolutionProperties) = preSolution
		HideSolutionNode = FALSE
	EndGlobalSection
	GlobalSection(ExtensibilityGlobals) = postSolution
		SolutionGuid = {2636CF81-8973-41C1-B548-4D1912CC8A65}
	EndGlobalSection
EndGlobal
